
Microsoft Visual Studio Solution File, Format Version 12.00
# Visual Studio Version 16
VisualStudioVersion = 16.0.29318.209
MinimumVisualStudioVersion = 10.0.40219.1
Project("{9A19103F-16F7-4668-BE54-9A1E7A4F7556}") = "OSC.Net", "OSC.Net\OSC.Net.csproj", "{ADCC92AF-67AA-460C-B3D5-A20931C0A3E6}"
EndProject
Project("{FAE04EC0-301F-11D3-BF4B-00C04F79EFBC}") = "OSC.Net.Console", "OSC.Net.Console\OSC.Net.Console.csproj", "{B9E66C20-2458-45E4-B811-40D9EAAD4F99}"
EndProject
Global
	GlobalSection(SolutionConfigurationPlatforms) = preSolution
		Debug|Any CPU = Debug|Any CPU
		Release|Any CPU = Release|Any CPU
	EndGlobalSection
	GlobalSection(ProjectConfigurationPlatforms) = postSolution
		{ADCC92AF-67AA-460C-B3D5-A20931C0A3E6}.Debug|Any CPU.ActiveCfg = Debug|Any CPU
		{ADCC92AF-67AA-460C-B3D5-A20931C0A3E6}.Debug|Any CPU.Build.0 = Debug|Any CPU
		{ADCC92AF-67AA-460C-B3D5-A20931C0A3E6}.Release|Any CPU.ActiveCfg = Release|Any CPU
		{ADCC92AF-67AA-460C-B3D5-A20931C0A3E6}.Release|Any CPU.Build.0 = Release|Any CPU
		{B9E66C20-2458-45E4-B811-40D9EAAD4F99}.Debug|Any CPU.ActiveCfg = Debug|Any CPU
		{B9E66C20-2458-45E4-B811-40D9EAAD4F99}.Debug|Any CPU.Build.0 = Debug|Any CPU
		{B9E66C20-2458-45E4-B811-40D9EAAD4F99}.Release|Any CPU.ActiveCfg = Release|Any CPU
		{B9E66C20-2458-45E4-B811-40D9EAAD4F99}.Release|Any CPU.Build.0 = Release|Any CPU
	EndGlobalSection
	GlobalSection(SolutionProperties) = preSolution
		HideSolutionNode = FALSE
	EndGlobalSection
	GlobalSection(ExtensibilityGlobals) = postSolution
		SolutionGuid = {98743999-18AB-4A71-AFE8-E57844A2F6EB}
	EndGlobalSection
EndGlobal
